
Microsoft Visual Studio Solution File, Format Version 12.00
# Visual Studio Version 17
VisualStudioVersion = 17.3.32901.215
MinimumVisualStudioVersion = 10.0.40219.1
Project("{FAE04EC0-301F-11D3-BF4B-00C04F79EFBC}") = "ConsumerRabbitMQ", "ConsumerRabbitMQ.csproj", "{FDC2EC61-45C2-49F9-A05E-98819A96E71B}"
EndProject
Global
	GlobalSection(SolutionConfigurationPlatforms) = preSolution
		Debug|Any CPU = Debug|Any CPU
		Release|Any CPU = Release|Any CPU
	EndGlobalSection
	GlobalSection(ProjectConfigurationPlatforms) = postSolution
		{FDC2EC61-45C2-49F9-A05E-98819A96E71B}.Debug|Any CPU.ActiveCfg = Debug|Any CPU
		{FDC2EC61-45C2-49F9-A05E-98819A96E71B}.Debug|Any CPU.Build.0 = Debug|Any CPU
		{FDC2EC61-45C2-49F9-A05E-98819A96E71B}.Release|Any CPU.ActiveCfg = Release|Any CPU
		{FDC2EC61-45C2-49F9-A05E-98819A96E71B}.Release|Any CPU.Build.0 = Release|Any CPU
	EndGlobalSection
	GlobalSection(SolutionProperties) = preSolution
		HideSolutionNode = FALSE
	EndGlobalSection
	GlobalSection(ExtensibilityGlobals) = postSolution
		SolutionGuid = {5C5A08FF-75B6-489A-AD8C-1FA5431108E2}
	EndGlobalSection
EndGlobal
